
Microsoft Visual Studio Solution File, Format Version 12.00
# Visual Studio Version 17
VisualStudioVersion = 17.3.32929.385
MinimumVisualStudioVersion = 10.0.40219.1
Project("{FAE04EC0-301F-11D3-BF4B-00C04F79EFBC}") = "THE THING NAMER 3000", "THE THING NAMER 3000.csproj", "{CD7AC4A6-42F9-414C-9EE8-5CC11699EDC6}"
EndProject
Global
	GlobalSection(SolutionConfigurationPlatforms) = preSolution
		Debug|Any CPU = Debug|Any CPU
		Release|Any CPU = Release|Any CPU
	EndGlobalSection
	GlobalSection(ProjectConfigurationPlatforms) = postSolution
		{CD7AC4A6-42F9-414C-9EE8-5CC11699EDC6}.Debug|Any CPU.ActiveCfg = Debug|Any CPU
		{CD7AC4A6-42F9-414C-9EE8-5CC11699EDC6}.Debug|Any CPU.Build.0 = Debug|Any CPU
		{CD7AC4A6-42F9-414C-9EE8-5CC11699EDC6}.Release|Any CPU.ActiveCfg = Release|Any CPU
		{CD7AC4A6-42F9-414C-9EE8-5CC11699EDC6}.Release|Any CPU.Build.0 = Release|Any CPU
	EndGlobalSection
	GlobalSection(SolutionProperties) = preSolution
		HideSolutionNode = FALSE
	EndGlobalSection
	GlobalSection(ExtensibilityGlobals) = postSolution
		SolutionGuid = {D5F63ED1-C343-4B0B-B56B-819D91641FBB}
	EndGlobalSection
EndGlobal
